
Microsoft Visual Studio Solution File, Format Version 12.00
# Visual Studio Version 17
VisualStudioVersion = 17.11.35327.3
MinimumVisualStudioVersion = 10.0.40219.1
Project("{FAE04EC0-301F-11D3-BF4B-00C04F79EFBC}") = "RealEstate.Domain", "RealEstate.Domain\RealEstate.Domain.csproj", "{E1CE3924-2802-454F-986D-B331AF7F87D7}"
EndProject
Project("{FAE04EC0-301F-11D3-BF4B-00C04F79EFBC}") = "RealEstate.Identity", "RealEstate.Identity\RealEstate.Identity.csproj", "{4DBA0C41-1A66-4919-AF03-7ABD8AD2ACBA}"
EndProject
Project("{FAE04EC0-301F-11D3-BF4B-00C04F79EFBC}") = "RealEstate.Identity.Shared", "RealEstate.Identity.Shared\RealEstate.Identity.Shared.csproj", "{462F5AAD-9FB6-4A6F-97F6-FBEA967A10B7}"
EndProject
Project("{FAE04EC0-301F-11D3-BF4B-00C04F79EFBC}") = "RealEstate.Persistance", "RealEstate.Persistance\RealEstate.Persistance.csproj", "{2FA989EC-D737-49C7-94B3-D618153B0401}"
EndProject
Global
	GlobalSection(SolutionConfigurationPlatforms) = preSolution
		Debug|Any CPU = Debug|Any CPU
		Release|Any CPU = Release|Any CPU
	EndGlobalSection
	GlobalSection(ProjectConfigurationPlatforms) = postSolution
		{E1CE3924-2802-454F-986D-B331AF7F87D7}.Debug|Any CPU.ActiveCfg = Debug|Any CPU
		{E1CE3924-2802-454F-986D-B331AF7F87D7}.Debug|Any CPU.Build.0 = Debug|Any CPU
		{E1CE3924-2802-454F-986D-B331AF7F87D7}.Release|Any CPU.ActiveCfg = Release|Any CPU
		{E1CE3924-2802-454F-986D-B331AF7F87D7}.Release|Any CPU.Build.0 = Release|Any CPU
		{4DBA0C41-1A66-4919-AF03-7ABD8AD2ACBA}.Debug|Any CPU.ActiveCfg = Debug|Any CPU
		{4DBA0C41-1A66-4919-AF03-7ABD8AD2ACBA}.Debug|Any CPU.Build.0 = Debug|Any CPU
		{4DBA0C41-1A66-4919-AF03-7ABD8AD2ACBA}.Release|Any CPU.ActiveCfg = Release|Any CPU
		{4DBA0C41-1A66-4919-AF03-7ABD8AD2ACBA}.Release|Any CPU.Build.0 = Release|Any CPU
		{462F5AAD-9FB6-4A6F-97F6-FBEA967A10B7}.Debug|Any CPU.ActiveCfg = Debug|Any CPU
		{462F5AAD-9FB6-4A6F-97F6-FBEA967A10B7}.Debug|Any CPU.Build.0 = Debug|Any CPU
		{462F5AAD-9FB6-4A6F-97F6-FBEA967A10B7}.Release|Any CPU.ActiveCfg = Release|Any CPU
		{462F5AAD-9FB6-4A6F-97F6-FBEA967A10B7}.Release|Any CPU.Build.0 = Release|Any CPU
		{2FA989EC-D737-49C7-94B3-D618153B0401}.Debug|Any CPU.ActiveCfg = Debug|Any CPU
		{2FA989EC-D737-49C7-94B3-D618153B0401}.Debug|Any CPU.Build.0 = Debug|Any CPU
		{2FA989EC-D737-49C7-94B3-D618153B0401}.Release|Any CPU.ActiveCfg = Release|Any CPU
		{2FA989EC-D737-49C7-94B3-D618153B0401}.Release|Any CPU.Build.0 = Release|Any CPU
	EndGlobalSection
	GlobalSection(SolutionProperties) = preSolution
		HideSolutionNode = FALSE
	EndGlobalSection
	GlobalSection(ExtensibilityGlobals) = postSolution
		SolutionGuid = {92462A49-96E3-4E6D-8394-0B5652A9B518}
	EndGlobalSection
EndGlobal
